// !$*UTF8*$!
{
	archiveVersion = 1;
	classes = {
	};
	objectVersion = 56;
	objects = {

/* Begin PBXBuildFile section */
		8E4B5A6BB29F4D2395494B04 /* TimelineToolbar.swift in Sources */ = {isa = PBXBuildFile; fileRef = CC2BD3C6676E4D6CAF15C554 /* TimelineToolbar.swift */; };
		1000000000000001 /* PhosphorApp.swift in Sources */ = {isa = PBXBuildFile; fileRef = 2000000000000001 /* PhosphorApp.swift */; };
		1000000000000002 /* ContentView.swift in Sources */ = {isa = PBXBuildFile; fileRef = 2000000000000002 /* ContentView.swift */; };
		1000000000000003 /* ImageItem.swift in Sources */ = {isa = PBXBuildFile; fileRef = 2000000000000003 /* ImageItem.swift */; };
		1000000000000004 /* ExportSettings.swift in Sources */ = {isa = PBXBuildFile; fileRef = 2000000000000004 /* ExportSettings.swift */; };
		1000000000000009 /* GIFExporter.swift in Sources */ = {isa = PBXBuildFile; fileRef = 2000000000000009 /* GIFExporter.swift */; };
		100000000000000A /* WebPExporter.swift in Sources */ = {isa = PBXBuildFile; fileRef = 200000000000000A /* WebPExporter.swift */; };
		100000000000000B /* APNGExporter.swift in Sources */ = {isa = PBXBuildFile; fileRef = 200000000000000B /* APNGExporter.swift */; };
		100000000000000C /* Assets.xcassets in Resources */ = {isa = PBXBuildFile; fileRef = 200000000000000C /* Assets.xcassets */; };
		100000000000000D /* ColorDepthReducer.swift in Sources */ = {isa = PBXBuildFile; fileRef = 200000000000000E /* ColorDepthReducer.swift */; };
		DD67BA2B05C148F0B2F29CD2 /* AppState.swift in Sources */ = {isa = PBXBuildFile; fileRef = A8B1B1382BAD4C6196D4AFAE /* AppState.swift */; };
		BF7DBE01307F4BC2A58241F7 /* PreviewPane.swift in Sources */ = {isa = PBXBuildFile; fileRef = 317866EB8FF54ACCA54C44CC /* PreviewPane.swift */; };
		AC4929E7B0804781A7F3CE1D /* TimelinePane.swift in Sources */ = {isa = PBXBuildFile; fileRef = E157245B41BF40B8894890DC /* TimelinePane.swift */; };
		99D2EE267D2B49C09F8A7D85 /* SettingsSidebar.swift in Sources */ = {isa = PBXBuildFile; fileRef = 3F7CB8B6542C4B468B946DBB /* SettingsSidebar.swift */; };
		F1A2B3C4D5E6F7890123456A /* FrameThumbnailView.swift in Sources */ = {isa = PBXBuildFile; fileRef = F1A2B3C4D5E6F7890123456B /* FrameThumbnailView.swift */; };
		P1A2B3C4D5E6F7890123457A /* PlaybackControlsView.swift in Sources */ = {isa = PBXBuildFile; fileRef = P1A2B3C4D5E6F7890123457B /* PlaybackControlsView.swift */; };
		TPW6NG71F8DI2NOS63P0X4HX /* FormatSelectionSection.swift in Sources */ = {isa = PBXBuildFile; fileRef = U36WEQLVSAYGB6FQMZWA7JFL /* FormatSelectionSection.swift */; };
		HZY1VOA1GF197GRPFQ4DWYMJ /* TimingSection.swift in Sources */ = {isa = PBXBuildFile; fileRef = UHJ6KJPQT11P69Z2BGNTKMXH /* TimingSection.swift */; };
		Z6ELRGNGMU0Z3N6OAPC5ZI68 /* QualitySection.swift in Sources */ = {isa = PBXBuildFile; fileRef = 0GVKHD3MY76S2I1EZKIIVVJV /* QualitySection.swift */; };
		QEIK44WK9X6NSG0WAU5Q8CLC /* ResizeSection.swift in Sources */ = {isa = PBXBuildFile; fileRef = EMPAE8CC8A8MOWQP3LT5EL2P /* ResizeSection.swift */; };
		1NV2FEKEQCWGPU2QZZHSN9BS /* ColorDepthSection.swift in Sources */ = {isa = PBXBuildFile; fileRef = WJS5KT765IWTVESKFSFCWBJ5 /* ColorDepthSection.swift */; };
/* End PBXBuildFile section */

/* Begin PBXFileReference section */
		2000000000000001 /* PhosphorApp.swift */ = {isa = PBXFileReference; lastKnownFileType = sourcecode.swift; path = PhosphorApp.swift; sourceTree = "<group>"; };
		2000000000000002 /* ContentView.swift */ = {isa = PBXFileReference; lastKnownFileType = sourcecode.swift; path = ContentView.swift; sourceTree = "<group>"; };
		2000000000000003 /* ImageItem.swift */ = {isa = PBXFileReference; lastKnownFileType = sourcecode.swift; path = ImageItem.swift; sourceTree = "<group>"; };
		2000000000000004 /* ExportSettings.swift */ = {isa = PBXFileReference; lastKnownFileType = sourcecode.swift; path = ExportSettings.swift; sourceTree = "<group>"; };
		2000000000000009 /* GIFExporter.swift */ = {isa = PBXFileReference; lastKnownFileType = sourcecode.swift; path = GIFExporter.swift; sourceTree = "<group>"; };
		200000000000000A /* WebPExporter.swift */ = {isa = PBXFileReference; lastKnownFileType = sourcecode.swift; path = WebPExporter.swift; sourceTree = "<group>"; };
		200000000000000B /* APNGExporter.swift */ = {isa = PBXFileReference; lastKnownFileType = sourcecode.swift; path = APNGExporter.swift; sourceTree = "<group>"; };
		200000000000000C /* Assets.xcassets */ = {isa = PBXFileReference; lastKnownFileType = folder.assetcatalog; path = Assets.xcassets; sourceTree = "<group>"; };
		200000000000000D /* Phosphor.entitlements */ = {isa = PBXFileReference; lastKnownFileType = text.plist.entitlements; path = Phosphor.entitlements; sourceTree = "<group>"; };
		200000000000000E /* ColorDepthReducer.swift */ = {isa = PBXFileReference; lastKnownFileType = sourcecode.swift; path = ColorDepthReducer.swift; sourceTree = "<group>"; };
		300000000000000E /* Phosphor.app */ = {isa = PBXFileReference; explicitFileType = wrapper.application; includeInIndex = 0; path = Phosphor.app; sourceTree = BUILT_PRODUCTS_DIR; };
		A8B1B1382BAD4C6196D4AFAE /* AppState.swift */ = {isa = PBXFileReference; lastKnownFileType = sourcecode.swift; path = AppState.swift; sourceTree = "<group>"; };
		317866EB8FF54ACCA54C44CC /* PreviewPane.swift */ = {isa = PBXFileReference; lastKnownFileType = sourcecode.swift; path = PreviewPane.swift; sourceTree = "<group>"; };
		E157245B41BF40B8894890DC /* TimelinePane.swift */ = {isa = PBXFileReference; lastKnownFileType = sourcecode.swift; path = TimelinePane.swift; sourceTree = "<group>"; };
		3F7CB8B6542C4B468B946DBB /* SettingsSidebar.swift */ = {isa = PBXFileReference; lastKnownFileType = sourcecode.swift; path = SettingsSidebar.swift; sourceTree = "<group>"; };
		F1A2B3C4D5E6F7890123456B /* FrameThumbnailView.swift */ = {isa = PBXFileReference; lastKnownFileType = sourcecode.swift; path = FrameThumbnailView.swift; sourceTree = "<group>"; };
		CC2BD3C6676E4D6CAF15C554 /* TimelineToolbar.swift */ = {isa = PBXFileReference; lastKnownFileType = sourcecode.swift; path = TimelineToolbar.swift; sourceTree = "<group>"; };
		P1A2B3C4D5E6F7890123457B /* PlaybackControlsView.swift */ = {isa = PBXFileReference; lastKnownFileType = sourcecode.swift; path = PlaybackControlsView.swift; sourceTree = "<group>"; };
		U36WEQLVSAYGB6FQMZWA7JFL /* FormatSelectionSection.swift */ = {isa = PBXFileReference; lastKnownFileType = sourcecode.swift; path = FormatSelectionSection.swift; sourceTree = "<group>"; };
		UHJ6KJPQT11P69Z2BGNTKMXH /* TimingSection.swift */ = {isa = PBXFileReference; lastKnownFileType = sourcecode.swift; path = TimingSection.swift; sourceTree = "<group>"; };
		0GVKHD3MY76S2I1EZKIIVVJV /* QualitySection.swift */ = {isa = PBXFileReference; lastKnownFileType = sourcecode.swift; path = QualitySection.swift; sourceTree = "<group>"; };
		EMPAE8CC8A8MOWQP3LT5EL2P /* ResizeSection.swift */ = {isa = PBXFileReference; lastKnownFileType = sourcecode.swift; path = ResizeSection.swift; sourceTree = "<group>"; };
		WJS5KT765IWTVESKFSFCWBJ5 /* ColorDepthSection.swift */ = {isa = PBXFileReference; lastKnownFileType = sourcecode.swift; path = ColorDepthSection.swift; sourceTree = "<group>"; };
/* End PBXFileReference section */

/* Begin PBXFrameworksBuildPhase section */
		4000000000000001 /* Frameworks */ = {
			isa = PBXFrameworksBuildPhase;
			buildActionMask = 2147483647;
			files = (
				99D2EE267D2B49C09F8A7D85 /* SettingsSidebar.swift in Sources */,
				AC4929E7B0804781A7F3CE1D /* TimelinePane.swift in Sources */,
				BF7DBE01307F4BC2A58241F7 /* PreviewPane.swift in Sources */,
				DD67BA2B05C148F0B2F29CD2 /* AppState.swift in Sources */,
			);
			runOnlyForDeploymentPostprocessing = 0;
		};
/* End PBXFrameworksBuildPhase section */

/* Begin PBXGroup section */
		5000000000000001 = {
			isa = PBXGroup;
			children = (
				5000000000000002 /* Phosphor */,
				5000000000000003 /* Products */,
			);
			sourceTree = "<group>";
		};
		5000000000000002 /* Phosphor */ = {
			isa = PBXGroup;
			children = (
				A8B1B1382BAD4C6196D4AFAE /* AppState.swift */,
				2000000000000001 /* PhosphorApp.swift */,
				2000000000000002 /* ContentView.swift */,
				5000000000000004 /* Models */,
				5000000000000005 /* Views */,
				5000000000000006 /* ViewModels */,
				5000000000000007 /* Services */,
				200000000000000C /* Assets.xcassets */,
				200000000000000D /* Phosphor.entitlements */,
			);
			path = Phosphor;
			sourceTree = "<group>";
		};
		5000000000000003 /* Products */ = {
			isa = PBXGroup;
			children = (
				300000000000000E /* Phosphor.app */,
			);
			name = Products;
			sourceTree = "<group>";
		};
		5000000000000004 /* Models */ = {
			isa = PBXGroup;
			children = (
				2000000000000003 /* ImageItem.swift */,
				2000000000000004 /* ExportSettings.swift */,
			);
			path = Models;
			sourceTree = "<group>";
		};
		5000000000000005 /* Views */ = {
			isa = PBXGroup;
			children = (
				F1A2B3C4D5E6F7890123456B /* FrameThumbnailView.swift */,
				CC2BD3C6676E4D6CAF15C554 /* TimelineToolbar.swift */,
				P1A2B3C4D5E6F7890123457B /* PlaybackControlsView.swift */,
				3F7CB8B6542C4B468B946DBB /* SettingsSidebar.swift */,
				E157245B41BF40B8894890DC /* TimelinePane.swift */,
				317866EB8FF54ACCA54C44CC /* PreviewPane.swift */,
				E2OXJF0K67FG41WUXD7WID65 /* Settings */,
			);
			path = Views;
			sourceTree = "<group>";
		};
		5000000000000006 /* ViewModels */ = {
			isa = PBXGroup;
			children = (
			);
			path = ViewModels;
			sourceTree = "<group>";
		};
		5000000000000007 /* Services */ = {
			isa = PBXGroup;
			children = (
				2000000000000009 /* GIFExporter.swift */,
				200000000000000A /* WebPExporter.swift */,
				200000000000000B /* APNGExporter.swift */,
				200000000000000E /* ColorDepthReducer.swift */,
			);
			path = Services;
			sourceTree = "<group>";
		};
		E2OXJF0K67FG41WUXD7WID65 /* Settings */ = {
			isa = PBXGroup;
			children = (
				U36WEQLVSAYGB6FQMZWA7JFL /* FormatSelectionSection.swift */,
				UHJ6KJPQT11P69Z2BGNTKMXH /* TimingSection.swift */,
				0GVKHD3MY76S2I1EZKIIVVJV /* QualitySection.swift */,
				EMPAE8CC8A8MOWQP3LT5EL2P /* ResizeSection.swift */,
				WJS5KT765IWTVESKFSFCWBJ5 /* ColorDepthSection.swift */,
			);
			path = Settings;
			sourceTree = "<group>";
		};
/* End PBXGroup section */

/* Begin PBXNativeTarget section */
		6000000000000001 /* Phosphor */ = {
			isa = PBXNativeTarget;
			buildConfigurationList = 7000000000000001 /* Build configuration list for PBXNativeTarget "Phosphor" */;
			buildPhases = (
				8000000000000001 /* Sources */,
				4000000000000001 /* Frameworks */,
				9000000000000001 /* Resources */,
			);
			buildRules = (
			);
			dependencies = (
			);
			name = Phosphor;
			productName = Phosphor;
			productReference = 300000000000000E /* Phosphor.app */;
			productType = "com.apple.product-type.application";
		};
/* End PBXNativeTarget section */

/* Begin PBXProject section */
		A000000000000001 /* Project object */ = {
			isa = PBXProject;
			attributes = {
				BuildIndependentTargetsInParallel = 1;
				LastSwiftUpdateCheck = 1500;
				LastUpgradeCheck = 1500;
				TargetAttributes = {
					6000000000000001 = {
						CreatedOnToolsVersion = 15.0;
					};
				};
			};
			buildConfigurationList = 7000000000000002 /* Build configuration list for PBXProject "Phosphor" */;
			compatibilityVersion = "Xcode 14.0";
			developmentRegion = en;
			hasScannedForEncodings = 0;
			knownRegions = (
				en,
				Base,
			);
			mainGroup = 5000000000000001;
			productRefGroup = 5000000000000003 /* Products */;
			projectDirPath = "";
			projectRoot = "";
			targets = (
				6000000000000001 /* Phosphor */,
			);
		};
/* End PBXProject section */

/* Begin PBXResourcesBuildPhase section */
		9000000000000001 /* Resources */ = {
			isa = PBXResourcesBuildPhase;
			buildActionMask = 2147483647;
			files = (
				100000000000000C /* Assets.xcassets in Resources */,
			);
			runOnlyForDeploymentPostprocessing = 0;
		};
/* End PBXResourcesBuildPhase section */

/* Begin PBXSourcesBuildPhase section */
		8000000000000001 /* Sources */ = {
			isa = PBXSourcesBuildPhase;
			buildActionMask = 2147483647;
			files = (
				1000000000000001 /* PhosphorApp.swift in Sources */,
				1000000000000002 /* ContentView.swift in Sources */,
				1000000000000003 /* ImageItem.swift in Sources */,
				1000000000000004 /* ExportSettings.swift in Sources */,
				1000000000000009 /* GIFExporter.swift in Sources */,
				100000000000000A /* WebPExporter.swift in Sources */,
				100000000000000B /* APNGExporter.swift in Sources */,
				100000000000000D /* ColorDepthReducer.swift in Sources */,
				DD67BA2B05C148F0B2F29CD2 /* AppState.swift in Sources */,
				BF7DBE01307F4BC2A58241F7 /* PreviewPane.swift in Sources */,
				AC4929E7B0804781A7F3CE1D /* TimelinePane.swift in Sources */,
				99D2EE267D2B49C09F8A7D85 /* SettingsSidebar.swift in Sources */,
				F1A2B3C4D5E6F7890123456A /* FrameThumbnailView.swift in Sources */,
				8E4B5A6BB29F4D2395494B04 /* TimelineToolbar.swift in Sources */,
				P1A2B3C4D5E6F7890123457A /* PlaybackControlsView.swift in Sources */,
				TPW6NG71F8DI2NOS63P0X4HX /* FormatSelectionSection.swift in Sources */,
				HZY1VOA1GF197GRPFQ4DWYMJ /* TimingSection.swift in Sources */,
				Z6ELRGNGMU0Z3N6OAPC5ZI68 /* QualitySection.swift in Sources */,
				QEIK44WK9X6NSG0WAU5Q8CLC /* ResizeSection.swift in Sources */,
				1NV2FEKEQCWGPU2QZZHSN9BS /* ColorDepthSection.swift in Sources */,
			);
			runOnlyForDeploymentPostprocessing = 0;
		};
/* End PBXSourcesBuildPhase section */

/* Begin XCBuildConfiguration section */
		B000000000000001 /* Debug */ = {
			isa = XCBuildConfiguration;
			buildSettings = {
				ALWAYS_SEARCH_USER_PATHS = NO;
				ASSETCATALOG_COMPILER_GENERATE_SWIFT_ASSET_SYMBOL_EXTENSIONS = YES;
				CLANG_ANALYZER_NONNULL = YES;
				CLANG_ANALYZER_NUMBER_OBJECT_CONVERSION = YES_AGGRESSIVE;
				CLANG_CXX_LANGUAGE_STANDARD = "gnu++20";
				CLANG_ENABLE_MODULES = YES;
				CLANG_ENABLE_OBJC_ARC = YES;
				CLANG_ENABLE_OBJC_WEAK = YES;
				CLANG_WARN_BLOCK_CAPTURE_AUTORELEASING = YES;
				CLANG_WARN_BOOL_CONVERSION = YES;
				CLANG_WARN_COMMA = YES;
				CLANG_WARN_CONSTANT_CONVERSION = YES;
				CLANG_WARN_DEPRECATED_OBJC_IMPLEMENTATIONS = YES;
				CLANG_WARN_DIRECT_OBJC_ISA_USAGE = YES_ERROR;
				CLANG_WARN_DOCUMENTATION_COMMENTS = YES;
				CLANG_WARN_EMPTY_BODY = YES;
				CLANG_WARN_ENUM_CONVERSION = YES;
				CLANG_WARN_INFINITE_RECURSION = YES;
				CLANG_WARN_INT_CONVERSION = YES;
				CLANG_WARN_NON_LITERAL_NULL_CONVERSION = YES;
				CLANG_WARN_OBJC_IMPLICIT_RETAIN_SELF = YES;
				CLANG_WARN_OBJC_LITERAL_CONVERSION = YES;
				CLANG_WARN_OBJC_ROOT_CLASS = YES_ERROR;
				CLANG_WARN_QUOTED_INCLUDE_IN_FRAMEWORK_HEADER = YES;
				CLANG_WARN_RANGE_LOOP_ANALYSIS = YES;
				CLANG_WARN_STRICT_PROTOTYPES = YES;
				CLANG_WARN_SUSPICIOUS_MOVE = YES;
				CLANG_WARN_UNGUARDED_AVAILABILITY = YES_AGGRESSIVE;
				CLANG_WARN_UNREACHABLE_CODE = YES;
				CLANG_WARN__DUPLICATE_METHOD_MATCH = YES;
				COPY_PHASE_STRIP = NO;
				DEBUG_INFORMATION_FORMAT = dwarf;
				ENABLE_STRICT_OBJC_MSGSEND = YES;
				ENABLE_TESTABILITY = YES;
				ENABLE_USER_SCRIPT_SANDBOXING = YES;
				GCC_C_LANGUAGE_STANDARD = gnu17;
				GCC_DYNAMIC_NO_PIC = NO;
				GCC_NO_COMMON_BLOCKS = YES;
				GCC_OPTIMIZATION_LEVEL = 0;
				GCC_PREPROCESSOR_DEFINITIONS = (
					"DEBUG=1",
					"$(inherited)",
				);
				GCC_WARN_64_TO_32_BIT_CONVERSION = YES;
				GCC_WARN_ABOUT_RETURN_TYPE = YES_ERROR;
				GCC_WARN_UNDECLARED_SELECTOR = YES;
				GCC_WARN_UNINITIALIZED_AUTOS = YES_AGGRESSIVE;
				GCC_WARN_UNUSED_FUNCTION = YES;
				GCC_WARN_UNUSED_VARIABLE = YES;
				LOCALIZATION_PREFERS_STRING_CATALOGS = YES;
				MACOSX_DEPLOYMENT_TARGET = 14.0;
				MTL_ENABLE_DEBUG_INFO = INCLUDE_SOURCE;
				MTL_FAST_MATH = YES;
				ONLY_ACTIVE_ARCH = YES;
				SDKROOT = macosx;
				SWIFT_ACTIVE_COMPILATION_CONDITIONS = "DEBUG $(inherited)";
				SWIFT_OPTIMIZATION_LEVEL = "-Onone";
			};
			name = Debug;
		};
		B000000000000002 /* Release */ = {
			isa = XCBuildConfiguration;
			buildSettings = {
				ALWAYS_SEARCH_USER_PATHS = NO;
				ASSETCATALOG_COMPILER_GENERATE_SWIFT_ASSET_SYMBOL_EXTENSIONS = YES;
				CLANG_ANALYZER_NONNULL = YES;
				CLANG_ANALYZER_NUMBER_OBJECT_CONVERSION = YES_AGGRESSIVE;
				CLANG_CXX_LANGUAGE_STANDARD = "gnu++20";
				CLANG_ENABLE_MODULES = YES;
				CLANG_ENABLE_OBJC_ARC = YES;
				CLANG_ENABLE_OBJC_WEAK = YES;
				CLANG_WARN_BLOCK_CAPTURE_AUTORELEASING = YES;
				CLANG_WARN_BOOL_CONVERSION = YES;
				CLANG_WARN_COMMA = YES;
				CLANG_WARN_CONSTANT_CONVERSION = YES;
				CLANG_WARN_DEPRECATED_OBJC_IMPLEMENTATIONS = YES;
				CLANG_WARN_DIRECT_OBJC_ISA_USAGE = YES_ERROR;
				CLANG_WARN_DOCUMENTATION_COMMENTS = YES;
				CLANG_WARN_EMPTY_BODY = YES;
				CLANG_WARN_ENUM_CONVERSION = YES;
				CLANG_WARN_INFINITE_RECURSION = YES;
				CLANG_WARN_INT_CONVERSION = YES;
				CLANG_WARN_NON_LITERAL_NULL_CONVERSION = YES;
				CLANG_WARN_OBJC_IMPLICIT_RETAIN_SELF = YES;
				CLANG_WARN_OBJC_LITERAL_CONVERSION = YES;
				CLANG_WARN_OBJC_ROOT_CLASS = YES_ERROR;
				CLANG_WARN_QUOTED_INCLUDE_IN_FRAMEWORK_HEADER = YES;
				CLANG_WARN_RANGE_LOOP_ANALYSIS = YES;
				CLANG_WARN_STRICT_PROTOTYPES = YES;
				CLANG_WARN_SUSPICIOUS_MOVE = YES;
				CLANG_WARN_UNGUARDED_AVAILABILITY = YES_AGGRESSIVE;
				CLANG_WARN_UNREACHABLE_CODE = YES;
				CLANG_WARN__DUPLICATE_METHOD_MATCH = YES;
				COPY_PHASE_STRIP = NO;
				DEBUG_INFORMATION_FORMAT = "dwarf-with-dsym";
				ENABLE_NS_ASSERTIONS = NO;
				ENABLE_STRICT_OBJC_MSGSEND = YES;
				ENABLE_USER_SCRIPT_SANDBOXING = YES;
				GCC_C_LANGUAGE_STANDARD = gnu17;
				GCC_NO_COMMON_BLOCKS = YES;
				GCC_WARN_64_TO_32_BIT_CONVERSION = YES;
				GCC_WARN_ABOUT_RETURN_TYPE = YES_ERROR;
				GCC_WARN_UNDECLARED_SELECTOR = YES;
				GCC_WARN_UNINITIALIZED_AUTOS = YES_AGGRESSIVE;
				GCC_WARN_UNUSED_FUNCTION = YES;
				GCC_WARN_UNUSED_VARIABLE = YES;
				LOCALIZATION_PREFERS_STRING_CATALOGS = YES;
				MACOSX_DEPLOYMENT_TARGET = 14.0;
				MTL_ENABLE_DEBUG_INFO = NO;
				MTL_FAST_MATH = YES;
				SDKROOT = macosx;
				SWIFT_COMPILATION_MODE = wholemodule;
			};
			name = Release;
		};
		B000000000000003 /* Debug */ = {
			isa = XCBuildConfiguration;
			buildSettings = {
				ASSETCATALOG_COMPILER_APPICON_NAME = AppIcon;
				ASSETCATALOG_COMPILER_GLOBAL_ACCENT_COLOR_NAME = AccentColor;
				CODE_SIGN_ALLOW_ENTITLEMENTS_MODIFICATION = YES;
				CODE_SIGN_ENTITLEMENTS = Phosphor/Phosphor.entitlements;
				CODE_SIGN_STYLE = Automatic;
				COMBINE_HIDPI_IMAGES = YES;
				CURRENT_PROJECT_VERSION = 1;
				DEVELOPMENT_TEAM = "";
				ENABLE_HARDENED_RUNTIME = YES;
				ENABLE_PREVIEWS = YES;
				GENERATE_INFOPLIST_FILE = NO;
				INFOPLIST_FILE = Phosphor/Info.plist;
				INFOPLIST_KEY_LSApplicationCategoryType = "public.app-category.graphics-design";
				INFOPLIST_KEY_NSHumanReadableCopyright = "";
				LD_RUNPATH_SEARCH_PATHS = (
					"$(inherited)",
					"@executable_path/../Frameworks",
				);
				MARKETING_VERSION = 1.0;
				PRODUCT_BUNDLE_IDENTIFIER = com.phosphor.app;
				PRODUCT_NAME = "$(TARGET_NAME)";
				SWIFT_EMIT_LOC_STRINGS = YES;
				SWIFT_VERSION = 5.0;
			};
			name = Debug;
		};
		B000000000000004 /* Release */ = {
			isa = XCBuildConfiguration;
			buildSettings = {
				ASSETCATALOG_COMPILER_APPICON_NAME = AppIcon;
				ASSETCATALOG_COMPILER_GLOBAL_ACCENT_COLOR_NAME = AccentColor;
				CODE_SIGN_ALLOW_ENTITLEMENTS_MODIFICATION = YES;
				CODE_SIGN_ENTITLEMENTS = Phosphor/Phosphor.entitlements;
				CODE_SIGN_STYLE = Automatic;
				COMBINE_HIDPI_IMAGES = YES;
				CURRENT_PROJECT_VERSION = 1;
				DEVELOPMENT_TEAM = "";
				ENABLE_HARDENED_RUNTIME = YES;
				ENABLE_PREVIEWS = YES;
				GENERATE_INFOPLIST_FILE = NO;
				INFOPLIST_FILE = Phosphor/Info.plist;
				INFOPLIST_KEY_LSApplicationCategoryType = "public.app-category.graphics-design";
				INFOPLIST_KEY_NSHumanReadableCopyright = "";
				LD_RUNPATH_SEARCH_PATHS = (
					"$(inherited)",
					"@executable_path/../Frameworks",
				);
				MARKETING_VERSION = 1.0;
				PRODUCT_BUNDLE_IDENTIFIER = com.phosphor.app;
				PRODUCT_NAME = "$(TARGET_NAME)";
				SWIFT_EMIT_LOC_STRINGS = YES;
				SWIFT_VERSION = 5.0;
			};
			name = Release;
		};
/* End XCBuildConfiguration section */

/* Begin XCConfigurationList section */
		7000000000000001 /* Build configuration list for PBXNativeTarget "Phosphor" */ = {
			isa = XCConfigurationList;
			buildConfigurations = (
				B000000000000003 /* Debug */,
				B000000000000004 /* Release */,
			);
			defaultConfigurationIsVisible = 0;
			defaultConfigurationName = Release;
		};
		7000000000000002 /* Build configuration list for PBXProject "Phosphor" */ = {
			isa = XCConfigurationList;
			buildConfigurations = (
				B000000000000001 /* Debug */,
				B000000000000002 /* Release */,
			);
			defaultConfigurationIsVisible = 0;
			defaultConfigurationName = Release;
		};
/* End XCConfigurationList section */
	};
	rootObject = A000000000000001 /* Project object */;
}
